
Microsoft Visual Studio Solution File, Format Version 12.00
# Visual Studio 14
VisualStudioVersion = 14.0.25420.1
MinimumVisualStudioVersion = 10.0.40219.1
Project("{FAE04EC0-301F-11D3-BF4B-00C04F79EFBC}") = "AudioBench", "AudioBench\AudioBench.csproj", "{44C7ACE5-A9A5-43E4-8180-B3B1B0468C20}"
EndProject
Project("{FAE04EC0-301F-11D3-BF4B-00C04F79EFBC}") = "AudioBenchDSP", "AudioBenchDSP\AudioBenchDSP.csproj", "{A5D9399C-38C1-4E73-BE42-5C09DBC9DD57}"
EndProject
Global
	GlobalSection(SolutionConfigurationPlatforms) = preSolution
		Debug|Any CPU = Debug|Any CPU
		Release|Any CPU = Release|Any CPU
	EndGlobalSection
	GlobalSection(ProjectConfigurationPlatforms) = postSolution
		{44C7ACE5-A9A5-43E4-8180-B3B1B0468C20}.Debug|Any CPU.ActiveCfg = Debug|Any CPU
		{44C7ACE5-A9A5-43E4-8180-B3B1B0468C20}.Debug|Any CPU.Build.0 = Debug|Any CPU
		{44C7ACE5-A9A5-43E4-8180-B3B1B0468C20}.Release|Any CPU.ActiveCfg = Release|Any CPU
		{44C7ACE5-A9A5-43E4-8180-B3B1B0468C20}.Release|Any CPU.Build.0 = Release|Any CPU
		{A5D9399C-38C1-4E73-BE42-5C09DBC9DD57}.Debug|Any CPU.ActiveCfg = Debug|Any CPU
		{A5D9399C-38C1-4E73-BE42-5C09DBC9DD57}.Debug|Any CPU.Build.0 = Debug|Any CPU
		{A5D9399C-38C1-4E73-BE42-5C09DBC9DD57}.Release|Any CPU.ActiveCfg = Release|Any CPU
		{A5D9399C-38C1-4E73-BE42-5C09DBC9DD57}.Release|Any CPU.Build.0 = Release|Any CPU
	EndGlobalSection
	GlobalSection(SolutionProperties) = preSolution
		HideSolutionNode = FALSE
	EndGlobalSection
EndGlobal
